
Microsoft Visual Studio Solution File, Format Version 12.00
# Visual Studio Version 17
VisualStudioVersion = 17.4.33213.308
MinimumVisualStudioVersion = 10.0.40219.1
Project("{FAE04EC0-301F-11D3-BF4B-00C04F79EFBC}") = "Roomalaiset numerot", "Roomalaiset numerot\Roomalaiset numerot.csproj", "{7F3353CF-0280-4926-A5D0-F10E86727728}"
EndProject
Global
	GlobalSection(SolutionConfigurationPlatforms) = preSolution
		Debug|Any CPU = Debug|Any CPU
		Release|Any CPU = Release|Any CPU
	EndGlobalSection
	GlobalSection(ProjectConfigurationPlatforms) = postSolution
		{7F3353CF-0280-4926-A5D0-F10E86727728}.Debug|Any CPU.ActiveCfg = Debug|Any CPU
		{7F3353CF-0280-4926-A5D0-F10E86727728}.Debug|Any CPU.Build.0 = Debug|Any CPU
		{7F3353CF-0280-4926-A5D0-F10E86727728}.Release|Any CPU.ActiveCfg = Release|Any CPU
		{7F3353CF-0280-4926-A5D0-F10E86727728}.Release|Any CPU.Build.0 = Release|Any CPU
	EndGlobalSection
	GlobalSection(SolutionProperties) = preSolution
		HideSolutionNode = FALSE
	EndGlobalSection
	GlobalSection(ExtensibilityGlobals) = postSolution
		SolutionGuid = {7C9C9D22-F27D-4970-9DC6-BF1E5E75CEDB}
	EndGlobalSection
EndGlobal
