
Microsoft Visual Studio Solution File, Format Version 12.00
# Visual Studio Version 17
VisualStudioVersion = 17.4.33213.308
MinimumVisualStudioVersion = 10.0.40219.1
Project("{FAE04EC0-301F-11D3-BF4B-00C04F79EFBC}") = "Crud-projektikoulu", "Crud-projektikoulu\Crud-projektikoulu.csproj", "{5CBF970A-836B-4CAD-AC4C-431AE1C0431C}"
EndProject
Project("{FAE04EC0-301F-11D3-BF4B-00C04F79EFBC}") = "Harjoitus2", "Harjoitus2\Harjoitus2.csproj", "{5E2DF212-24D4-479B-9C04-FF9B8EFC81B6}"
EndProject
Project("{FAE04EC0-301F-11D3-BF4B-00C04F79EFBC}") = "Harjoitus3", "Harjoitus3\Harjoitus3.csproj", "{6F8B7DA8-7F93-4BB7-92E1-F7269479EB7E}"
EndProject
Project("{FAE04EC0-301F-11D3-BF4B-00C04F79EFBC}") = "Harjoitus4", "Harjoitus4\Harjoitus4.csproj", "{43806979-1CAB-4FF5-958F-E1C01EAD0E71}"
EndProject
Global
	GlobalSection(SolutionConfigurationPlatforms) = preSolution
		Debug|Any CPU = Debug|Any CPU
		Release|Any CPU = Release|Any CPU
	EndGlobalSection
	GlobalSection(ProjectConfigurationPlatforms) = postSolution
		{5CBF970A-836B-4CAD-AC4C-431AE1C0431C}.Debug|Any CPU.ActiveCfg = Debug|Any CPU
		{5CBF970A-836B-4CAD-AC4C-431AE1C0431C}.Debug|Any CPU.Build.0 = Debug|Any CPU
		{5CBF970A-836B-4CAD-AC4C-431AE1C0431C}.Release|Any CPU.ActiveCfg = Release|Any CPU
		{5CBF970A-836B-4CAD-AC4C-431AE1C0431C}.Release|Any CPU.Build.0 = Release|Any CPU
		{5E2DF212-24D4-479B-9C04-FF9B8EFC81B6}.Debug|Any CPU.ActiveCfg = Debug|Any CPU
		{5E2DF212-24D4-479B-9C04-FF9B8EFC81B6}.Debug|Any CPU.Build.0 = Debug|Any CPU
		{5E2DF212-24D4-479B-9C04-FF9B8EFC81B6}.Release|Any CPU.ActiveCfg = Release|Any CPU
		{5E2DF212-24D4-479B-9C04-FF9B8EFC81B6}.Release|Any CPU.Build.0 = Release|Any CPU
		{6F8B7DA8-7F93-4BB7-92E1-F7269479EB7E}.Debug|Any CPU.ActiveCfg = Debug|Any CPU
		{6F8B7DA8-7F93-4BB7-92E1-F7269479EB7E}.Debug|Any CPU.Build.0 = Debug|Any CPU
		{6F8B7DA8-7F93-4BB7-92E1-F7269479EB7E}.Release|Any CPU.ActiveCfg = Release|Any CPU
		{6F8B7DA8-7F93-4BB7-92E1-F7269479EB7E}.Release|Any CPU.Build.0 = Release|Any CPU
		{43806979-1CAB-4FF5-958F-E1C01EAD0E71}.Debug|Any CPU.ActiveCfg = Debug|Any CPU
		{43806979-1CAB-4FF5-958F-E1C01EAD0E71}.Debug|Any CPU.Build.0 = Debug|Any CPU
		{43806979-1CAB-4FF5-958F-E1C01EAD0E71}.Release|Any CPU.ActiveCfg = Release|Any CPU
		{43806979-1CAB-4FF5-958F-E1C01EAD0E71}.Release|Any CPU.Build.0 = Release|Any CPU
	EndGlobalSection
	GlobalSection(SolutionProperties) = preSolution
		HideSolutionNode = FALSE
	EndGlobalSection
	GlobalSection(ExtensibilityGlobals) = postSolution
		SolutionGuid = {3556331B-290A-4E9E-ABEE-7E1DF5E0814E}
	EndGlobalSection
EndGlobal
